
Microsoft Visual Studio Solution File, Format Version 12.00
# Visual Studio Version 17
VisualStudioVersion = 17.4.33213.308
MinimumVisualStudioVersion = 10.0.40219.1
Project("{FAE04EC0-301F-11D3-BF4B-00C04F79EFBC}") = "Aula13ClassesPOO", "Aula13ClassesPOO\Aula13ClassesPOO.csproj", "{9294F76E-53D4-46C9-AA39-F808180DC98E}"
EndProject
Global
	GlobalSection(SolutionConfigurationPlatforms) = preSolution
		Debug|Any CPU = Debug|Any CPU
		Release|Any CPU = Release|Any CPU
	EndGlobalSection
	GlobalSection(ProjectConfigurationPlatforms) = postSolution
		{9294F76E-53D4-46C9-AA39-F808180DC98E}.Debug|Any CPU.ActiveCfg = Debug|Any CPU
		{9294F76E-53D4-46C9-AA39-F808180DC98E}.Debug|Any CPU.Build.0 = Debug|Any CPU
		{9294F76E-53D4-46C9-AA39-F808180DC98E}.Release|Any CPU.ActiveCfg = Release|Any CPU
		{9294F76E-53D4-46C9-AA39-F808180DC98E}.Release|Any CPU.Build.0 = Release|Any CPU
	EndGlobalSection
	GlobalSection(SolutionProperties) = preSolution
		HideSolutionNode = FALSE
	EndGlobalSection
	GlobalSection(ExtensibilityGlobals) = postSolution
		SolutionGuid = {08748201-5C48-4E3F-B564-F1E741AEF971}
	EndGlobalSection
EndGlobal
